{
  "version": 4,
  "terraform_version": "1.9.2",
  "serial": 24,
  "lineage": "856b321e-76ae-fa19-fe2d-d29a163e1888",
  "outputs": {
    "kubernetes_cluster_host": {
      "value": "34.168.94.190",
      "type": "string"
    },
    "kubernetes_cluster_name": {
      "value": "happybase-mvp-gke",
      "type": "string"
    },
    "project_id": {
      "value": "happybase-mvp",
      "type": "string"
    },
    "region": {
      "value": "us-west1",
      "type": "string"
    },
    "trino_endpoint": {
      "value": "trino.trino.svc.cluster.local",
      "type": "string"
    },
    "zone": {
      "value": "us-west1-a",
      "type": "string"
    }
  },
  "resources": [
    {
      "mode": "data",
      "type": "google_client_config",
      "name": "default",
      "provider": "provider[\"registry.terraform.io/hashicorp/google\"]",
      "instances": [
        {
          "schema_version": 0,
          "attributes": {
            "access_token": "ya29.a0AXooCgsq7olvTzRSQ-O474fHKHRfEpbBgmJhOGXzHiUl1HFAMNWOy7q9kyVppIri1ePxsropCpnBbtOh8Tdu0pNgPLAv7xYjh0C90p5gDRPP9n1uY2BCYX_c74kGl1ik8veeBdIc2d23cimkKaUyKadg0J9-xtc--r9AaCgYKASsSARESFQHGX2Miyk7LD8GzfQW1rjuqK4AabQ0171",
            "id": "projects/\"happybase-mvp\"/regions/\"us-west1\"/zones/\"us-west1-a\"",
            "project": "happybase-mvp",
            "region": "us-west1",
            "zone": "us-west1-a"
          },
          "sensitive_attributes": [
            [
              {
                "type": "get_attr",
                "value": "access_token"
              }
            ]
          ]
        }
      ]
    },
    {
      "mode": "data",
      "type": "google_container_engine_versions",
      "name": "gke_version",
      "provider": "provider[\"registry.terraform.io/hashicorp/google\"]",
      "instances": [
        {
          "schema_version": 0,
          "attributes": {
            "default_cluster_version": "1.29.6-gke.1038001",
            "id": "2024-07-26 03:46:04.504585 +0000 UTC",
            "latest_master_version": "1.27.15-gke.1252000",
            "latest_node_version": "1.27.15-gke.1252000",
            "location": "us-west1-a",
            "project": null,
            "release_channel_default_version": {
              "RAPID": "1.30.1-gke.1329003",
              "REGULAR": "1.29.6-gke.1038001",
              "STABLE": "1.29.5-gke.1091002"
            },
            "release_channel_latest_version": {
              "RAPID": "1.27.15-gke.1252000",
              "REGULAR": "1.27.14-gke.1059002",
              "STABLE": "1.27.14-gke.1042001"
            },
            "valid_master_versions": [
              "1.27.15-gke.1252000",
              "1.27.15-gke.1125000",
              "1.27.14-gke.1059002",
              "1.27.14-gke.1042001"
            ],
            "valid_node_versions": [
              "1.27.15-gke.1252000",
              "1.27.15-gke.1154000",
              "1.27.15-gke.1125000",
              "1.27.15-gke.1012003",
              "1.27.15-gke.1012000",
              "1.27.14-gke.1100002",
              "1.27.14-gke.1100000",
              "1.27.14-gke.1093000",
              "1.27.14-gke.1059002",
              "1.27.14-gke.1059001",
              "1.27.14-gke.1059000",
              "1.27.14-gke.1042001",
              "1.27.14-gke.1042000",
              "1.27.14-gke.1022001",
              "1.27.14-gke.1022000",
              "1.27.14-gke.1011000",
              "1.27.13-gke.1201002",
              "1.27.13-gke.1201000",
              "1.27.13-gke.1166001",
              "1.27.13-gke.1166000",
              "1.27.13-gke.1070002",
              "1.27.13-gke.1070000",
              "1.27.13-gke.1000000",
              "1.27.12-gke.1190000",
              "1.27.12-gke.1115000",
              "1.27.11-gke.1202000",
              "1.27.11-gke.1118000",
              "1.27.11-gke.1062004",
              "1.27.11-gke.1062003",
              "1.27.11-gke.1062001",
              "1.27.11-gke.1062000",
              "1.27.11-gke.1018000",
              "1.27.10-gke.1207000",
              "1.27.10-gke.1152000",
              "1.27.10-gke.1055000",
              "1.27.9-gke.1092000",
              "1.27.8-gke.1067004",
              "1.27.8-gke.1067000",
              "1.27.7-gke.1293000",
              "1.27.7-gke.1121002",
              "1.27.7-gke.1121000",
              "1.27.7-gke.1088000",
              "1.27.7-gke.1056000",
              "1.27.7-gke.1038000",
              "1.27.6-gke.1506000",
              "1.27.6-gke.1445000",
              "1.27.6-gke.1248000",
              "1.27.5-gke.200",
              "1.27.4-gke.900",
              "1.27.3-gke.1700",
              "1.27.3-gke.100",
              "1.27.2-gke.2100",
              "1.27.2-gke.1200"
            ],
            "version_prefix": "1.27."
          },
          "sensitive_attributes": []
        }
      ]
    },
    {
      "mode": "managed",
      "type": "google_compute_firewall",
      "name": "allow_trino_access",
      "provider": "provider[\"registry.terraform.io/hashicorp/google\"]",
      "instances": [
        {
          "schema_version": 1,
          "attributes": {
            "allow": [
              {
                "ports": [
                  "443"
                ],
                "protocol": "tcp"
              }
            ],
            "creation_timestamp": "2024-07-25T20:43:12.064-07:00",
            "deny": [],
            "description": "",
            "destination_ranges": [],
            "direction": "INGRESS",
            "disabled": false,
            "enable_logging": null,
            "id": "projects/happybase-mvp/global/firewalls/allow-trino-access",
            "log_config": [],
            "name": "allow-trino-access",
            "network": "https://www.googleapis.com/compute/v1/projects/happybase-mvp/global/networks/happybase-mvp-vpc",
            "priority": 1000,
            "project": "happybase-mvp",
            "self_link": "https://www.googleapis.com/compute/v1/projects/happybase-mvp/global/firewalls/allow-trino-access",
            "source_ranges": [
              "108.204.32.89/32"
            ],
            "source_service_accounts": [],
            "source_tags": [],
            "target_service_accounts": [],
            "target_tags": [
              "gke-node",
              "happybase-mvp-gke"
            ],
            "timeouts": null
          },
          "sensitive_attributes": [],
          "private": "eyJlMmJmYjczMC1lY2FhLTExZTYtOGY4OC0zNDM2M2JjN2M0YzAiOnsiY3JlYXRlIjoxMjAwMDAwMDAwMDAwLCJkZWxldGUiOjEyMDAwMDAwMDAwMDAsInVwZGF0ZSI6MTIwMDAwMDAwMDAwMH0sInNjaGVtYV92ZXJzaW9uIjoiMSJ9",
          "dependencies": [
            "google_compute_network.vpc"
          ]
        }
      ]
    },
    {
      "mode": "managed",
      "type": "google_compute_network",
      "name": "vpc",
      "provider": "provider[\"registry.terraform.io/hashicorp/google\"]",
      "instances": [
        {
          "schema_version": 0,
          "attributes": {
            "auto_create_subnetworks": false,
            "delete_default_routes_on_create": false,
            "description": "",
            "enable_ula_internal_ipv6": false,
            "gateway_ipv4": "",
            "id": "projects/happybase-mvp/global/networks/happybase-mvp-vpc",
            "internal_ipv6_range": "",
            "mtu": 0,
            "name": "happybase-mvp-vpc",
            "network_firewall_policy_enforcement_order": "AFTER_CLASSIC_FIREWALL",
            "project": "happybase-mvp",
            "routing_mode": "REGIONAL",
            "self_link": "https://www.googleapis.com/compute/v1/projects/happybase-mvp/global/networks/happybase-mvp-vpc",
            "timeouts": null
          },
          "sensitive_attributes": [],
          "private": "eyJlMmJmYjczMC1lY2FhLTExZTYtOGY4OC0zNDM2M2JjN2M0YzAiOnsiY3JlYXRlIjoxMjAwMDAwMDAwMDAwLCJkZWxldGUiOjEyMDAwMDAwMDAwMDAsInVwZGF0ZSI6MTIwMDAwMDAwMDAwMH19"
        }
      ]
    },
    {
      "mode": "managed",
      "type": "google_compute_subnetwork",
      "name": "subnet",
      "provider": "provider[\"registry.terraform.io/hashicorp/google\"]",
      "instances": [
        {
          "schema_version": 0,
          "attributes": {
            "creation_timestamp": "2024-07-25T19:51:12.554-07:00",
            "description": "",
            "external_ipv6_prefix": "",
            "fingerprint": null,
            "gateway_address": "10.10.0.1",
            "id": "projects/happybase-mvp/regions/us-west1/subnetworks/happybase-mvp-subnet",
            "ip_cidr_range": "10.10.0.0/24",
            "ipv6_access_type": "",
            "ipv6_cidr_range": "",
            "log_config": [],
            "name": "happybase-mvp-subnet",
            "network": "https://www.googleapis.com/compute/v1/projects/happybase-mvp/global/networks/happybase-mvp-vpc",
            "private_ip_google_access": true,
            "private_ipv6_google_access": "DISABLE_GOOGLE_ACCESS",
            "project": "happybase-mvp",
            "purpose": "PRIVATE",
            "region": "us-west1",
            "role": "",
            "secondary_ip_range": [],
            "self_link": "https://www.googleapis.com/compute/v1/projects/happybase-mvp/regions/us-west1/subnetworks/happybase-mvp-subnet",
            "stack_type": "IPV4_ONLY",
            "timeouts": null
          },
          "sensitive_attributes": [],
          "private": "eyJlMmJmYjczMC1lY2FhLTExZTYtOGY4OC0zNDM2M2JjN2M0YzAiOnsiY3JlYXRlIjoxMjAwMDAwMDAwMDAwLCJkZWxldGUiOjEyMDAwMDAwMDAwMDAsInVwZGF0ZSI6MTIwMDAwMDAwMDAwMH19",
          "dependencies": [
            "google_compute_network.vpc"
          ]
        }
      ]
    },
    {
      "mode": "managed",
      "type": "google_container_cluster",
      "name": "primary",
      "provider": "provider[\"registry.terraform.io/hashicorp/google\"]",
      "instances": [
        {
          "schema_version": 1,
          "attributes": {
            "addons_config": [
              {
                "cloudrun_config": [],
                "config_connector_config": [],
                "dns_cache_config": [],
                "gce_persistent_disk_csi_driver_config": [
                  {
                    "enabled": true
                  }
                ],
                "gcp_filestore_csi_driver_config": [],
                "gke_backup_agent_config": [],
                "horizontal_pod_autoscaling": [],
                "http_load_balancing": [],
                "network_policy_config": [
                  {
                    "disabled": true
                  }
                ]
              }
            ],
            "authenticator_groups_config": [],
            "binary_authorization": [
              {
                "enabled": false,
                "evaluation_mode": ""
              }
            ],
            "cluster_autoscaling": [
              {
                "auto_provisioning_defaults": [],
                "enabled": false,
                "resource_limits": []
              }
            ],
            "cluster_ipv4_cidr": "10.0.0.0/14",
            "confidential_nodes": [],
            "cost_management_config": [],
            "database_encryption": [
              {
                "key_name": "",
                "state": "DECRYPTED"
              }
            ],
            "datapath_provider": "",
            "default_max_pods_per_node": null,
            "default_snat_status": [
              {
                "disabled": false
              }
            ],
            "description": "",
            "dns_config": [],
            "enable_autopilot": false,
            "enable_binary_authorization": false,
            "enable_intranode_visibility": false,
            "enable_kubernetes_alpha": false,
            "enable_l4_ilb_subsetting": false,
            "enable_legacy_abac": false,
            "enable_shielded_nodes": true,
            "enable_tpu": false,
            "endpoint": "34.168.94.190",
            "gateway_api_config": [],
            "id": "projects/happybase-mvp/locations/us-west1-a/clusters/happybase-mvp-gke",
            "initial_node_count": 1,
            "ip_allocation_policy": [],
            "label_fingerprint": "a9dc16a7",
            "location": "us-west1-a",
            "logging_config": [
              {
                "enable_components": [
                  "SYSTEM_COMPONENTS",
                  "WORKLOADS"
                ]
              }
            ],
            "logging_service": "logging.googleapis.com/kubernetes",
            "maintenance_policy": [],
            "master_auth": [
              {
                "client_certificate": "",
                "client_certificate_config": [
                  {
                    "issue_client_certificate": false
                  }
                ],
                "client_key": "",
                "cluster_ca_certificate": "LS0tLS1CRUdJTiBDRVJUSUZJQ0FURS0tLS0tCk1JSUVMVENDQXBXZ0F3SUJBZ0lSQVBnd1M0ZklBRlhtUWJ4aUhXZ3d2Umt3RFFZSktvWklodmNOQVFFTEJRQXcKTHpFdE1Dc0dBMVVFQXhNa01tSmxNRFkyWm1RdE5XTTRPQzAwWlRFMUxUZ3pOV1l0WkRNeVlURXpPVGhoTURWaQpNQ0FYRFRJME1EY3lOakF4TlRFek5Wb1lEekl3TlRRd056RTVNREkxTVRNMVdqQXZNUzB3S3dZRFZRUURFeVF5ClltVXdOalptWkMwMVl6ZzRMVFJsTVRVdE9ETTFaaTFrTXpKaE1UTTVPR0V3TldJd2dnR2lNQTBHQ1NxR1NJYjMKRFFFQkFRVUFBNElCandBd2dnR0tBb0lCZ1FDMDJTSklUbFV6aFcvRHBUTVhxdHlUc0pmb09qVnp5ZExGMXdiRwozc3V1eXpEQmdzdXE2S3pUeEE3V3kwc2dqZ2RCaU9PeFJuOGtXSG1kRkdIcHplYWdRRXA5V1NzcGdMOVU1NXJJCjFPZVpkcTFkQzM3UWJBbE5VL2sxMHBZNlVTV0R0citYOEpWVTkvTTRHWmpPUjJpWkZVN1k3UGtISlR4eFIvVmIKc29FdnRUNDNEc3RvZzZJQm9yekVvbmt5dTZsOGQwakxJcWxrai82OU1la0ovMnBuU1I2UzAzNCtoSmg5ZXc0SQpWNncxSVFPNHRxemtuMUNWVkhCRkRQSFVEUTdrVnRHOC9qeFZmSENmQzV6WS9PTXliazF4QWJpM2dIaHh5UVNSClRtRzc5S2IwVlc5Qi9lbFdmbml6a3RCTXBXNExvUldMTzFCWUo5M1ZXYXpuRmROTnFINnRqTjQ5Qkw0U2JKUnUKc1NJRk5GdEZjM3dodE5qRHhERXlPczZEbUxlTE85UFR5Y2RKMTFwWUxtaXZldExtNVZkYUVWcXJMVWd0OGpxcgpKSE9qZVE5S2dOcCtkQUFOMDBhRHRNZE5TYzYwWnVKUVVYV3NxakhyTnNUbkxmT0FpVk1WdXpENDB2SUFCbHhBCis0cDVYa3VEVHZ1Z2ZydUVnYSsyZWFhWitnMENBd0VBQWFOQ01FQXdEZ1lEVlIwUEFRSC9CQVFEQWdJRU1BOEcKQTFVZEV3RUIvd1FGTUFNQkFmOHdIUVlEVlIwT0JCWUVGQ2J0SDI2aG5ONWcyZW9yaTkweWtubi81NkZqTUEwRwpDU3FHU0liM0RRRUJDd1VBQTRJQmdRQlRORnpKbUE5UExFVG9LWXVnOHVXVHFud1ZjdWd2eXJzSlpoRnhvckEwCkNSSnNtRDdzbDdjYUt0QzllbUd3NXg3SWN6ZWZkT0ErbndZZDZ5Ym5VYkRvYXBVRzI1K3VTUWdKckdyY1RueUYKQVJBQmNhQlF6NmRBNVVmQkRpYVFEZ25NekIxNUN6azVEaXVlWE9xcWc4aWlrUVI5OVlESGxUNSs4aHd6Ym9CTApPK29SbFZsRVZtV0NvOTZ6VEJweWZEU0hTMFlZbFdIOTBKUmpBM1ZOc3hWYlZCcURiNzcvMzNiNm95bFR5dlo4CnZUUEZOcElUbGd5TzVxMWp6Q29XM2Q5TEc4TWxwaWtBRE5TRDN5UWdzVDhJZWZMUGk0ZjdPZDZDMDlNZUtyVWQKN1o1cjdmckVPeTRwVmFuME13RWw0ZWVaREE2QU82VzVmMjhrZmQrNDdMZThjZkw4K0JlQUtnMWZ1K25iL0RGWgpOWCsraExoVGlJMVV5c2xlbnB3MkxjZVVXRGMzUmgzMjFxOElXMjA4am9GSUNNdklESVZOeVVXQU9rK0xMQ1krCkg4LzQyRnNUUEJkaWdWZ3dvS2FJM1JiY2ErZFl2SnhnT1kwZEZ3VUdjWDE5cS9LNm02a21CMGRicHJ0aDl4bDYKWEQySnMyYURwU0hxTFpCZHNyMUtLMWc9Ci0tLS0tRU5EIENFUlRJRklDQVRFLS0tLS0K"
              }
            ],
            "master_authorized_networks_config": [],
            "master_version": "1.29.6-gke.1038001",
            "mesh_certificates": [],
            "min_master_version": null,
            "monitoring_config": [
              {
                "enable_components": [
                  "SYSTEM_COMPONENTS",
                  "HPA",
                  "POD",
                  "DAEMONSET",
                  "DEPLOYMENT",
                  "STATEFULSET",
                  "STORAGE",
                  "CADVISOR",
                  "KUBELET"
                ],
                "managed_prometheus": [
                  {
                    "enabled": true
                  }
                ]
              }
            ],
            "monitoring_service": "monitoring.googleapis.com/kubernetes",
            "name": "happybase-mvp-gke",
            "network": "projects/happybase-mvp/global/networks/happybase-mvp-vpc",
            "network_policy": [
              {
                "enabled": false,
                "provider": "PROVIDER_UNSPECIFIED"
              }
            ],
            "networking_mode": "ROUTES",
            "node_config": [
              {
                "advanced_machine_features": [],
                "boot_disk_kms_key": "",
                "disk_size_gb": 100,
                "disk_type": "pd-balanced",
                "ephemeral_storage_local_ssd_config": [],
                "gcfs_config": [],
                "guest_accelerator": [],
                "gvnic": [],
                "image_type": "COS_CONTAINERD",
                "kubelet_config": [],
                "labels": {
                  "env": "happybase-mvp"
                },
                "linux_node_config": [],
                "local_nvme_ssd_block_config": [],
                "local_ssd_count": 0,
                "logging_variant": "DEFAULT",
                "machine_type": "n1-standard-1",
                "metadata": {
                  "disable-legacy-endpoints": "true"
                },
                "min_cpu_platform": "",
                "node_group": "",
                "oauth_scopes": [
                  "https://www.googleapis.com/auth/logging.write",
                  "https://www.googleapis.com/auth/monitoring"
                ],
                "preemptible": false,
                "reservation_affinity": [],
                "resource_labels": {},
                "service_account": "default",
                "shielded_instance_config": [
                  {
                    "enable_integrity_monitoring": true,
                    "enable_secure_boot": false
                  }
                ],
                "sole_tenant_config": [],
                "spot": false,
                "tags": [
                  "gke-node",
                  "happybase-mvp-gke"
                ],
                "taint": [],
                "workload_metadata_config": []
              }
            ],
            "node_locations": [],
            "node_pool": [
              {
                "autoscaling": [],
                "initial_node_count": 2,
                "instance_group_urls": [
                  "https://www.googleapis.com/compute/v1/projects/happybase-mvp/zones/us-west1-a/instanceGroupManagers/gke-happybase-mvp-gk-happybase-mvp-gk-405fda00-grp"
                ],
                "managed_instance_group_urls": [
                  "https://www.googleapis.com/compute/v1/projects/happybase-mvp/zones/us-west1-a/instanceGroups/gke-happybase-mvp-gk-happybase-mvp-gk-405fda00-grp"
                ],
                "management": [
                  {
                    "auto_repair": true,
                    "auto_upgrade": true
                  }
                ],
                "max_pods_per_node": 0,
                "name": "happybase-mvp-gke",
                "name_prefix": "",
                "network_config": [],
                "node_config": [
                  {
                    "advanced_machine_features": [],
                    "boot_disk_kms_key": "",
                    "disk_size_gb": 100,
                    "disk_type": "pd-balanced",
                    "ephemeral_storage_local_ssd_config": [],
                    "gcfs_config": [],
                    "guest_accelerator": [],
                    "gvnic": [],
                    "image_type": "COS_CONTAINERD",
                    "kubelet_config": [],
                    "labels": {
                      "env": "happybase-mvp"
                    },
                    "linux_node_config": [],
                    "local_nvme_ssd_block_config": [],
                    "local_ssd_count": 0,
                    "logging_variant": "DEFAULT",
                    "machine_type": "n1-standard-1",
                    "metadata": {
                      "disable-legacy-endpoints": "true"
                    },
                    "min_cpu_platform": "",
                    "node_group": "",
                    "oauth_scopes": [
                      "https://www.googleapis.com/auth/logging.write",
                      "https://www.googleapis.com/auth/monitoring"
                    ],
                    "preemptible": false,
                    "reservation_affinity": [],
                    "resource_labels": {},
                    "service_account": "default",
                    "shielded_instance_config": [
                      {
                        "enable_integrity_monitoring": true,
                        "enable_secure_boot": false
                      }
                    ],
                    "sole_tenant_config": [],
                    "spot": false,
                    "tags": [
                      "gke-node",
                      "happybase-mvp-gke"
                    ],
                    "taint": [],
                    "workload_metadata_config": []
                  }
                ],
                "node_count": 2,
                "node_locations": [
                  "us-west1-a"
                ],
                "placement_policy": [],
                "upgrade_settings": [
                  {
                    "blue_green_settings": [],
                    "max_surge": 1,
                    "max_unavailable": 0,
                    "strategy": "SURGE"
                  }
                ],
                "version": "1.29.6-gke.1038001"
              }
            ],
            "node_pool_defaults": [
              {
                "node_config_defaults": [
                  {
                    "logging_variant": "DEFAULT"
                  }
                ]
              }
            ],
            "node_version": "1.29.6-gke.1038001",
            "notification_config": [
              {
                "pubsub": [
                  {
                    "enabled": false,
                    "filter": [],
                    "topic": ""
                  }
                ]
              }
            ],
            "operation": null,
            "private_cluster_config": [
              {
                "enable_private_endpoint": false,
                "enable_private_nodes": false,
                "master_global_access_config": [
                  {
                    "enabled": false
                  }
                ],
                "master_ipv4_cidr_block": "",
                "peering_name": "",
                "private_endpoint": "10.10.0.2",
                "private_endpoint_subnetwork": "",
                "public_endpoint": "34.168.94.190"
              }
            ],
            "private_ipv6_google_access": "",
            "project": "happybase-mvp",
            "release_channel": [
              {
                "channel": "REGULAR"
              }
            ],
            "remove_default_node_pool": true,
            "resource_labels": {},
            "resource_usage_export_config": [],
            "security_posture_config": [
              {
                "mode": "BASIC",
                "vulnerability_mode": "VULNERABILITY_MODE_UNSPECIFIED"
              }
            ],
            "self_link": "https://container.googleapis.com/v1/projects/happybase-mvp/zones/us-west1-a/clusters/happybase-mvp-gke",
            "service_external_ips_config": [
              {
                "enabled": false
              }
            ],
            "services_ipv4_cidr": "10.3.240.0/20",
            "subnetwork": "projects/happybase-mvp/regions/us-west1/subnetworks/happybase-mvp-subnet",
            "timeouts": null,
            "tpu_ipv4_cidr_block": "",
            "vertical_pod_autoscaling": [],
            "workload_identity_config": []
          },
          "sensitive_attributes": [
            [
              {
                "type": "get_attr",
                "value": "master_auth"
              },
              {
                "type": "index",
                "value": {
                  "value": 0,
                  "type": "number"
                }
              },
              {
                "type": "get_attr",
                "value": "client_key"
              }
            ]
          ],
          "private": "eyJlMmJmYjczMC1lY2FhLTExZTYtOGY4OC0zNDM2M2JjN2M0YzAiOnsiY3JlYXRlIjoyNDAwMDAwMDAwMDAwLCJkZWxldGUiOjI0MDAwMDAwMDAwMDAsInJlYWQiOjI0MDAwMDAwMDAwMDAsInVwZGF0ZSI6MzYwMDAwMDAwMDAwMH0sInNjaGVtYV92ZXJzaW9uIjoiMSJ9",
          "dependencies": [
            "google_compute_network.vpc",
            "google_compute_subnetwork.subnet"
          ]
        }
      ]
    },
    {
      "mode": "managed",
      "type": "google_container_node_pool",
      "name": "primary_nodes",
      "provider": "provider[\"registry.terraform.io/hashicorp/google\"]",
      "instances": [
        {
          "schema_version": 1,
          "attributes": {
            "autoscaling": [],
            "cluster": "happybase-mvp-gke",
            "id": "projects/happybase-mvp/locations/us-west1-a/clusters/happybase-mvp-gke/nodePools/happybase-mvp-gke",
            "initial_node_count": 2,
            "instance_group_urls": [
              "https://www.googleapis.com/compute/v1/projects/happybase-mvp/zones/us-west1-a/instanceGroupManagers/gke-happybase-mvp-gk-happybase-mvp-gk-405fda00-grp"
            ],
            "location": "us-west1-a",
            "managed_instance_group_urls": [
              "https://www.googleapis.com/compute/v1/projects/happybase-mvp/zones/us-west1-a/instanceGroups/gke-happybase-mvp-gk-happybase-mvp-gk-405fda00-grp"
            ],
            "management": [
              {
                "auto_repair": true,
                "auto_upgrade": true
              }
            ],
            "max_pods_per_node": null,
            "name": "happybase-mvp-gke",
            "name_prefix": "",
            "network_config": [],
            "node_config": [
              {
                "advanced_machine_features": [],
                "boot_disk_kms_key": "",
                "disk_size_gb": 100,
                "disk_type": "pd-balanced",
                "ephemeral_storage_local_ssd_config": [],
                "gcfs_config": [],
                "guest_accelerator": [],
                "gvnic": [],
                "image_type": "COS_CONTAINERD",
                "kubelet_config": [],
                "labels": {
                  "env": "happybase-mvp"
                },
                "linux_node_config": [],
                "local_nvme_ssd_block_config": [],
                "local_ssd_count": 0,
                "logging_variant": "DEFAULT",
                "machine_type": "n1-standard-1",
                "metadata": {
                  "disable-legacy-endpoints": "true"
                },
                "min_cpu_platform": "",
                "node_group": "",
                "oauth_scopes": [
                  "https://www.googleapis.com/auth/logging.write",
                  "https://www.googleapis.com/auth/monitoring"
                ],
                "preemptible": false,
                "reservation_affinity": [],
                "resource_labels": {},
                "service_account": "default",
                "shielded_instance_config": [
                  {
                    "enable_integrity_monitoring": true,
                    "enable_secure_boot": false
                  }
                ],
                "sole_tenant_config": [],
                "spot": false,
                "tags": [
                  "gke-node",
                  "happybase-mvp-gke"
                ],
                "taint": [],
                "workload_metadata_config": []
              }
            ],
            "node_count": 2,
            "node_locations": [
              "us-west1-a"
            ],
            "operation": null,
            "placement_policy": [],
            "project": "happybase-mvp",
            "timeouts": null,
            "upgrade_settings": [
              {
                "blue_green_settings": [],
                "max_surge": 1,
                "max_unavailable": 0,
                "strategy": "SURGE"
              }
            ],
            "version": "1.29.6-gke.1038001"
          },
          "sensitive_attributes": [],
          "private": "eyJlMmJmYjczMC1lY2FhLTExZTYtOGY4OC0zNDM2M2JjN2M0YzAiOnsiY3JlYXRlIjoxODAwMDAwMDAwMDAwLCJkZWxldGUiOjE4MDAwMDAwMDAwMDAsInVwZGF0ZSI6MTgwMDAwMDAwMDAwMH0sInNjaGVtYV92ZXJzaW9uIjoiMSJ9",
          "dependencies": [
            "google_compute_network.vpc",
            "google_compute_subnetwork.subnet",
            "google_container_cluster.primary"
          ]
        }
      ]
    },
    {
      "mode": "managed",
      "type": "helm_release",
      "name": "trino",
      "provider": "provider[\"registry.terraform.io/hashicorp/helm\"]",
      "instances": [
        {
          "schema_version": 1,
          "attributes": {
            "atomic": false,
            "chart": "trino",
            "cleanup_on_fail": false,
            "create_namespace": true,
            "dependency_update": false,
            "description": null,
            "devel": null,
            "disable_crd_hooks": false,
            "disable_openapi_validation": false,
            "disable_webhooks": false,
            "force_update": false,
            "id": "trino",
            "keyring": null,
            "lint": false,
            "manifest": null,
            "max_history": 0,
            "metadata": [
              {
                "app_version": "450",
                "chart": "trino",
                "first_deployed": 1721963320,
                "last_deployed": 1721963320,
                "name": "trino",
                "namespace": "trino",
                "notes": "Get the application URL by running these commands:\n  export POD_NAME=$(kubectl get pods --namespace trino --selector \"app.kubernetes.io/name=trino,app.kubernetes.io/instance=trino,app.kubernetes.io/component=coordinator\" --output name)\n  echo \"Visit http://127.0.0.1:8080 to use your application\"\n  kubectl port-forward $POD_NAME 8080:8080\n",
                "revision": 1,
                "values": "{\"server\":{\"config\":{\"query\":{\"maxMemory\":\"4GB\"}},\"workers\":2}}",
                "version": "0.25.0"
              }
            ],
            "name": "trino",
            "namespace": "trino",
            "pass_credentials": false,
            "postrender": [],
            "recreate_pods": false,
            "render_subchart_notes": true,
            "replace": false,
            "repository": "https://trinodb.github.io/charts",
            "repository_ca_file": null,
            "repository_cert_file": null,
            "repository_key_file": null,
            "repository_password": null,
            "repository_username": null,
            "reset_values": false,
            "reuse_values": false,
            "set": [
              {
                "name": "server.config.query.maxMemory",
                "type": "",
                "value": "4GB"
              },
              {
                "name": "server.workers",
                "type": "",
                "value": "2"
              }
            ],
            "set_list": [],
            "set_sensitive": [],
            "skip_crds": false,
            "status": "deployed",
            "timeout": 300,
            "values": null,
            "verify": false,
            "version": "0.25.0",
            "wait": true,
            "wait_for_jobs": false
          },
          "sensitive_attributes": [
            [
              {
                "type": "get_attr",
                "value": "repository_password"
              }
            ]
          ],
          "private": "eyJzY2hlbWFfdmVyc2lvbiI6IjEifQ==",
          "dependencies": [
            "data.google_client_config.default",
            "google_compute_network.vpc",
            "google_compute_subnetwork.subnet",
            "google_container_cluster.primary",
            "google_container_node_pool.primary_nodes"
          ]
        }
      ]
    },
    {
      "mode": "managed",
      "type": "kubernetes_ingress_v1",
      "name": "trino_ingress",
      "provider": "provider[\"registry.terraform.io/hashicorp/kubernetes\"]",
      "instances": [
        {
          "schema_version": 0,
          "attributes": {
            "id": "trino/trino-ingress",
            "metadata": [
              {
                "annotations": {
                  "kubernetes.io/ingress.class": "gce"
                },
                "generate_name": "",
                "generation": 1,
                "labels": null,
                "name": "trino-ingress",
                "namespace": "trino",
                "resource_version": "31075",
                "uid": "13add0ee-4e51-47b5-85df-732fdda65a81"
              }
            ],
            "spec": [
              {
                "default_backend": [],
                "ingress_class_name": "",
                "rule": [
                  {
                    "host": "",
                    "http": [
                      {
                        "path": [
                          {
                            "backend": [
                              {
                                "resource": [],
                                "service": [
                                  {
                                    "name": "trino",
                                    "port": [
                                      {
                                        "name": "",
                                        "number": 8080
                                      }
                                    ]
                                  }
                                ]
                              }
                            ],
                            "path": "/",
                            "path_type": "Prefix"
                          }
                        ]
                      }
                    ]
                  }
                ],
                "tls": []
              }
            ],
            "status": [
              {
                "load_balancer": [
                  {
                    "ingress": []
                  }
                ]
              }
            ],
            "timeouts": null,
            "wait_for_load_balancer": null
          },
          "sensitive_attributes": [],
          "private": "eyJlMmJmYjczMC1lY2FhLTExZTYtOGY4OC0zNDM2M2JjN2M0YzAiOnsiY3JlYXRlIjoxMjAwMDAwMDAwMDAwLCJkZWxldGUiOjEyMDAwMDAwMDAwMDB9fQ==",
          "dependencies": [
            "data.google_client_config.default",
            "google_compute_network.vpc",
            "google_compute_subnetwork.subnet",
            "google_container_cluster.primary",
            "google_container_node_pool.primary_nodes",
            "helm_release.trino"
          ]
        }
      ]
    }
  ],
  "check_results": null
}
